
Microsoft Visual Studio Solution File, Format Version 11.00
# Visual Studio 2010
Project("{FAE04EC0-301F-11D3-BF4B-00C04F79EFBC}") = "StreamDesk.Managed", "..\libstreamdesk\Managed\StreamDesk.Core\StreamDesk.Managed.csproj", "{D599B13F-C1F1-4ADD-BE5A-8942735D1D73}"
EndProject
Project("{FAE04EC0-301F-11D3-BF4B-00C04F79EFBC}") = "StreamDesk", "StreamDesk\StreamDesk.csproj", "{EE23C8A1-9BAD-4139-A92C-FFFE6FF887F6}"
EndProject
Global
	GlobalSection(SolutionConfigurationPlatforms) = preSolution
		Debug|x86 = Debug|x86
		Release|x86 = Release|x86
		Pre-Release|Any CPU = Pre-Release|Any CPU
	EndGlobalSection
	GlobalSection(ProjectConfigurationPlatforms) = postSolution
		{D599B13F-C1F1-4ADD-BE5A-8942735D1D73}.Debug|x86.ActiveCfg = Debug|Any CPU
		{D599B13F-C1F1-4ADD-BE5A-8942735D1D73}.Debug|x86.Build.0 = Debug|Any CPU
		{D599B13F-C1F1-4ADD-BE5A-8942735D1D73}.Pre-Release|Any CPU.ActiveCfg = Pre-Release|Any CPU
		{D599B13F-C1F1-4ADD-BE5A-8942735D1D73}.Pre-Release|Any CPU.Build.0 = Pre-Release|Any CPU
		{D599B13F-C1F1-4ADD-BE5A-8942735D1D73}.Release|x86.ActiveCfg = Release|Any CPU
		{D599B13F-C1F1-4ADD-BE5A-8942735D1D73}.Release|x86.Build.0 = Release|Any CPU
		{EE23C8A1-9BAD-4139-A92C-FFFE6FF887F6}.Debug|x86.ActiveCfg = Debug|x86
		{EE23C8A1-9BAD-4139-A92C-FFFE6FF887F6}.Debug|x86.Build.0 = Debug|x86
		{EE23C8A1-9BAD-4139-A92C-FFFE6FF887F6}.Pre-Release|Any CPU.ActiveCfg = Debug|x86
		{EE23C8A1-9BAD-4139-A92C-FFFE6FF887F6}.Pre-Release|Any CPU.Build.0 = Debug|x86
		{EE23C8A1-9BAD-4139-A92C-FFFE6FF887F6}.Release|x86.ActiveCfg = Release|x86
		{EE23C8A1-9BAD-4139-A92C-FFFE6FF887F6}.Release|x86.Build.0 = Release|x86
	EndGlobalSection
	GlobalSection(MonoDevelopProperties) = preSolution
		StartupItem = ..\libstreamdesk\Managed\StreamDesk.Core\StreamDesk.Managed.csproj
	EndGlobalSection
EndGlobal
